
Microsoft Visual Studio Solution File, Format Version 12.00
# Visual Studio 15
VisualStudioVersion = 15.0.28010.2048
MinimumVisualStudioVersion = 10.0.40219.1
Project("{9A19103F-16F7-4668-BE54-9A1E7A4F7556}") = "RemoteAll", "RemoteAll.csproj", "{C72D3C99-B9F3-4FA1-8FEA-3900734AA2F5}"
EndProject
Global
	GlobalSection(SolutionConfigurationPlatforms) = preSolution
		Debug|Any CPU = Debug|Any CPU
		Release|Any CPU = Release|Any CPU
	EndGlobalSection
	GlobalSection(ProjectConfigurationPlatforms) = postSolution
		{C72D3C99-B9F3-4FA1-8FEA-3900734AA2F5}.Debug|Any CPU.ActiveCfg = Debug|Any CPU
		{C72D3C99-B9F3-4FA1-8FEA-3900734AA2F5}.Debug|Any CPU.Build.0 = Debug|Any CPU
		{C72D3C99-B9F3-4FA1-8FEA-3900734AA2F5}.Release|Any CPU.ActiveCfg = Release|Any CPU
		{C72D3C99-B9F3-4FA1-8FEA-3900734AA2F5}.Release|Any CPU.Build.0 = Release|Any CPU
	EndGlobalSection
	GlobalSection(SolutionProperties) = preSolution
		HideSolutionNode = FALSE
	EndGlobalSection
	GlobalSection(ExtensibilityGlobals) = postSolution
		SolutionGuid = {89023143-CF04-4901-B3E4-6D8EF90D47B0}
	EndGlobalSection
EndGlobal
